
Microsoft Visual Studio Solution File, Format Version 12.00
# Visual Studio Version 16
VisualStudioVersion = 16.0.32929.386
MinimumVisualStudioVersion = 10.0.40219.1
Project("{FAE04EC0-301F-11D3-BF4B-00C04F79EFBC}") = "Helping_Hands", "Helping_Hands\Helping_Hands.csproj", "{FC9E328E-4D4F-43C0-8CC7-0CAD14E91684}"
EndProject
Global
	GlobalSection(SolutionConfigurationPlatforms) = preSolution
		Debug|Any CPU = Debug|Any CPU
		Release|Any CPU = Release|Any CPU
	EndGlobalSection
	GlobalSection(ProjectConfigurationPlatforms) = postSolution
		{FC9E328E-4D4F-43C0-8CC7-0CAD14E91684}.Debug|Any CPU.ActiveCfg = Debug|Any CPU
		{FC9E328E-4D4F-43C0-8CC7-0CAD14E91684}.Debug|Any CPU.Build.0 = Debug|Any CPU
		{FC9E328E-4D4F-43C0-8CC7-0CAD14E91684}.Release|Any CPU.ActiveCfg = Release|Any CPU
		{FC9E328E-4D4F-43C0-8CC7-0CAD14E91684}.Release|Any CPU.Build.0 = Release|Any CPU
	EndGlobalSection
	GlobalSection(SolutionProperties) = preSolution
		HideSolutionNode = FALSE
	EndGlobalSection
	GlobalSection(ExtensibilityGlobals) = postSolution
		SolutionGuid = {D890AEE6-E6E3-4B9A-AF01-5DC4E81DF48D}
	EndGlobalSection
EndGlobal
